
Microsoft Visual Studio Solution File, Format Version 12.00
# Visual Studio Version 17
VisualStudioVersion = 17.0.31903.59
MinimumVisualStudioVersion = 10.0.40219.1
Project("{9A19103F-16F7-4668-BE54-9A1E7A4F7556}") = "PetHelper.API", "src\PetHelper.API\PetHelper.API.csproj", "{93189C5D-D957-4C41-9DC6-2212C27826B4}"
EndProject
Project("{E53339B2-1760-4266-BCC7-CA923CBCF16C}") = "docker-compose", "docker-compose.dcproj", "{6673F2D3-ABC7-42AB-B13C-01A78BD978E6}"
EndProject
Project("{2150E333-8FDC-42A3-9474-1A3956D46DE8}") = "src", "src", "{977ACD3F-2087-4DA7-974A-3CDF8FDEEA9F}"
EndProject
Project("{2150E333-8FDC-42A3-9474-1A3956D46DE8}") = "tests", "tests", "{46D72DB5-1531-4D3A-A21E-9DD136ACF617}"
EndProject
Project("{FAE04EC0-301F-11D3-BF4B-00C04F79EFBC}") = "PetHelper.UnitTests", "tests\PetHelper.UnitTests\PetHelper.UnitTests.csproj", "{973E0193-FEDC-42E5-BDC7-85C92FBAE251}"
EndProject
Project("{FAE04EC0-301F-11D3-BF4B-00C04F79EFBC}") = "PetHelper.Accounts.Infastructure", "src\Accounts\PetHelper.Accounts.Infastructure\PetHelper.Accounts.Infastructure.csproj", "{9A1FCB6F-579E-42BD-9194-8CC99861A3AA}"
EndProject
Project("{FAE04EC0-301F-11D3-BF4B-00C04F79EFBC}") = "PetHelper.Accounts.Application", "src\Accounts\PetHelper.Accounts.Application\PetHelper.Accounts.Application.csproj", "{2E6E1ADD-0A93-4B98-A49F-5F52E10CBA8B}"
EndProject
Project("{FAE04EC0-301F-11D3-BF4B-00C04F79EFBC}") = "PetHelper.Accounts.Domain", "src\Accounts\PetHelper.Accounts.Domain\PetHelper.Accounts.Domain.csproj", "{40058DCA-80FB-4E81-9C73-C3D153FAB1D0}"
EndProject
Project("{FAE04EC0-301F-11D3-BF4B-00C04F79EFBC}") = "PetHelper.Accounts.Controllers", "src\Accounts\PetHelper.Accounts.Controllers\PetHelper.Accounts.Controllers.csproj", "{6161562C-0D32-4C00-93A5-AC0484F5357D}"
EndProject
Project("{FAE04EC0-301F-11D3-BF4B-00C04F79EFBC}") = "PetHelper.Volunteer.Application", "src\Volunteers\PetHelper.Volunteer.Application\PetHelper.Volunteer.Application.csproj", "{A78225C9-74DB-40F0-8524-DFE82536EBC0}"
EndProject
Project("{FAE04EC0-301F-11D3-BF4B-00C04F79EFBC}") = "PetHelper.Core", "src\Shared\PetHelper.Core\PetHelper.Core.csproj", "{6E5B731B-8A4E-4334-B615-903BCAEFAE4F}"
EndProject
Project("{FAE04EC0-301F-11D3-BF4B-00C04F79EFBC}") = "PetHelper.Volunteer.Controllers", "src\Volunteers\PetHelper.Volunteer.Controllers\PetHelper.Volunteer.Controllers.csproj", "{C0D9D2F8-18CF-4406-BEA7-87CF182C6766}"
EndProject
Project("{FAE04EC0-301F-11D3-BF4B-00C04F79EFBC}") = "PetHelper.Volunteer.Infastructure", "src\Volunteers\PetHelper.Volunteer.Infastructure\PetHelper.Volunteer.Infastructure.csproj", "{49EC639B-AE56-4C1D-AE75-271445858D45}"
EndProject
Project("{FAE04EC0-301F-11D3-BF4B-00C04F79EFBC}") = "PetHelper.Volunteer.Domain", "src\Volunteers\PetHelper.Volunteer.Domain\PetHelper.Volunteer.Domain.csproj", "{E3E39619-A952-45DF-A223-D6FE56D45B2A}"
EndProject
Project("{FAE04EC0-301F-11D3-BF4B-00C04F79EFBC}") = "PetHelper.Volunteer.Contracts", "src\Volunteers\PetHelper.Volunteer.Contracts\PetHelper.Volunteer.Contracts.csproj", "{8D9B1573-28D9-4060-909A-4CF31FEA7E91}"
EndProject
Project("{2150E333-8FDC-42A3-9474-1A3956D46DE8}") = "Accounts", "Accounts", "{51BA222B-B4A5-42A6-A942-5FA15A8BC4D7}"
EndProject
Project("{2150E333-8FDC-42A3-9474-1A3956D46DE8}") = "Volunteers", "Volunteers", "{4BB14E22-CCD9-46DD-8059-B50DFA4496DC}"
EndProject
Project("{FAE04EC0-301F-11D3-BF4B-00C04F79EFBC}") = "PetHelper.Species.Application", "src\Species\PetHelper.Species.Application\PetHelper.Species.Application.csproj", "{E3AD5349-03A3-4B02-949E-BB1341C65F09}"
EndProject
Project("{2150E333-8FDC-42A3-9474-1A3956D46DE8}") = "Species", "Species", "{316A846E-8E6B-4356-A9B2-F4832B59346D}"
EndProject
Project("{FAE04EC0-301F-11D3-BF4B-00C04F79EFBC}") = "PetHelper.Species.Contracts", "src\Species\PetHelper.Species.Contracts\PetHelper.Species.Contracts.csproj", "{00BA2561-ED28-4791-A466-6850EFA4E72F}"
EndProject
Project("{FAE04EC0-301F-11D3-BF4B-00C04F79EFBC}") = "PetHelper.Species.Domain", "src\Species\PetHelper.Species.Domain\PetHelper.Species.Domain.csproj", "{1B7CE906-81D5-4498-88CE-BC6EF415B960}"
EndProject
Project("{FAE04EC0-301F-11D3-BF4B-00C04F79EFBC}") = "PetHelper.Species.Infastructure", "src\Species\PetHelper.Species.Infastructure\PetHelper.Species.Infastructure.csproj", "{0B053C2A-8E49-406C-8AC1-5F874A883EEC}"
EndProject
Project("{FAE04EC0-301F-11D3-BF4B-00C04F79EFBC}") = "PetHelper.Species.Controllers", "src\Species\PetHelper.Species.Controllers\PetHelper.Species.Controllers.csproj", "{4224A2FD-9D9E-4AB1-ADAE-E28A5A679611}"
EndProject
Project("{2150E333-8FDC-42A3-9474-1A3956D46DE8}") = "Shared", "Shared", "{46E0AFC7-B933-4F5D-AC51-34A682517F81}"
EndProject
Project("{FAE04EC0-301F-11D3-BF4B-00C04F79EFBC}") = "PetHelper.SharedKernel", "src\Shared\PetHelper.SharedKernel\PetHelper.SharedKernel.csproj", "{8BCB267E-A069-462A-8A71-FC9D3FC4FD74}"
EndProject
Project("{FAE04EC0-301F-11D3-BF4B-00C04F79EFBC}") = "PetHelper.Framework", "src\Shared\PetHelper.Framework\PetHelper.Framework.csproj", "{2C022958-A830-43C0-9556-A20EB41F0FDA}"
EndProject
Project("{FAE04EC0-301F-11D3-BF4B-00C04F79EFBC}") = "PetHelper.Accounts.Contracts", "src\Accounts\PetHelper.Accounts.Contracts\PetHelper.Accounts.Contracts.csproj", "{A42FF11E-5341-4B31-8B46-4E47C8D24125}"
EndProject
Project("{FAE04EC0-301F-11D3-BF4B-00C04F79EFBC}") = "PetHelper.Accounts.ArchitectureTests", "src\Accounts\PetHelper.Accounts.ArchitectureTests\PetHelper.Accounts.ArchitectureTests.csproj", "{380895EE-F82A-4B23-B156-5C626EF93B99}"
EndProject
Project("{FAE04EC0-301F-11D3-BF4B-00C04F79EFBC}") = "PetHelper.Species.ArchitectureTests", "src\Species\PetHelper.Species.ArchitectureTests\PetHelper.Species.ArchitectureTests.csproj", "{E4702A75-4B9F-45DF-9B54-4BC665091047}"
EndProject
Project("{FAE04EC0-301F-11D3-BF4B-00C04F79EFBC}") = "PetHelper.Volunteer.ArchitectureTests", "src\Volunteers\PetHelper.Volunteer.ArchitectureTests\PetHelper.Volunteer.ArchitectureTests.csproj", "{50D4EEAA-7A39-4EEC-A2E4-746A3C90AB36}"
EndProject

Global
	GlobalSection(SolutionConfigurationPlatforms) = preSolution
		Debug|Any CPU = Debug|Any CPU
		Release|Any CPU = Release|Any CPU
	EndGlobalSection
	GlobalSection(ProjectConfigurationPlatforms) = postSolution
		{93189C5D-D957-4C41-9DC6-2212C27826B4}.Debug|Any CPU.ActiveCfg = Debug|Any CPU
		{93189C5D-D957-4C41-9DC6-2212C27826B4}.Debug|Any CPU.Build.0 = Debug|Any CPU
		{93189C5D-D957-4C41-9DC6-2212C27826B4}.Release|Any CPU.ActiveCfg = Release|Any CPU
		{93189C5D-D957-4C41-9DC6-2212C27826B4}.Release|Any CPU.Build.0 = Release|Any CPU
		{6673F2D3-ABC7-42AB-B13C-01A78BD978E6}.Debug|Any CPU.ActiveCfg = Debug|Any CPU
		{6673F2D3-ABC7-42AB-B13C-01A78BD978E6}.Debug|Any CPU.Build.0 = Debug|Any CPU
		{6673F2D3-ABC7-42AB-B13C-01A78BD978E6}.Release|Any CPU.ActiveCfg = Release|Any CPU
		{6673F2D3-ABC7-42AB-B13C-01A78BD978E6}.Release|Any CPU.Build.0 = Release|Any CPU
		{973E0193-FEDC-42E5-BDC7-85C92FBAE251}.Debug|Any CPU.ActiveCfg = Debug|Any CPU
		{973E0193-FEDC-42E5-BDC7-85C92FBAE251}.Debug|Any CPU.Build.0 = Debug|Any CPU
		{973E0193-FEDC-42E5-BDC7-85C92FBAE251}.Release|Any CPU.ActiveCfg = Release|Any CPU
		{973E0193-FEDC-42E5-BDC7-85C92FBAE251}.Release|Any CPU.Build.0 = Release|Any CPU
		{9A1FCB6F-579E-42BD-9194-8CC99861A3AA}.Debug|Any CPU.ActiveCfg = Debug|Any CPU
		{9A1FCB6F-579E-42BD-9194-8CC99861A3AA}.Debug|Any CPU.Build.0 = Debug|Any CPU
		{9A1FCB6F-579E-42BD-9194-8CC99861A3AA}.Release|Any CPU.ActiveCfg = Release|Any CPU
		{9A1FCB6F-579E-42BD-9194-8CC99861A3AA}.Release|Any CPU.Build.0 = Release|Any CPU
		{2E6E1ADD-0A93-4B98-A49F-5F52E10CBA8B}.Debug|Any CPU.ActiveCfg = Debug|Any CPU
		{2E6E1ADD-0A93-4B98-A49F-5F52E10CBA8B}.Debug|Any CPU.Build.0 = Debug|Any CPU
		{2E6E1ADD-0A93-4B98-A49F-5F52E10CBA8B}.Release|Any CPU.ActiveCfg = Release|Any CPU
		{2E6E1ADD-0A93-4B98-A49F-5F52E10CBA8B}.Release|Any CPU.Build.0 = Release|Any CPU
		{40058DCA-80FB-4E81-9C73-C3D153FAB1D0}.Debug|Any CPU.ActiveCfg = Debug|Any CPU
		{40058DCA-80FB-4E81-9C73-C3D153FAB1D0}.Debug|Any CPU.Build.0 = Debug|Any CPU
		{40058DCA-80FB-4E81-9C73-C3D153FAB1D0}.Release|Any CPU.ActiveCfg = Release|Any CPU
		{40058DCA-80FB-4E81-9C73-C3D153FAB1D0}.Release|Any CPU.Build.0 = Release|Any CPU
		{6161562C-0D32-4C00-93A5-AC0484F5357D}.Debug|Any CPU.ActiveCfg = Debug|Any CPU
		{6161562C-0D32-4C00-93A5-AC0484F5357D}.Debug|Any CPU.Build.0 = Debug|Any CPU
		{6161562C-0D32-4C00-93A5-AC0484F5357D}.Release|Any CPU.ActiveCfg = Release|Any CPU
		{6161562C-0D32-4C00-93A5-AC0484F5357D}.Release|Any CPU.Build.0 = Release|Any CPU
		{A78225C9-74DB-40F0-8524-DFE82536EBC0}.Debug|Any CPU.ActiveCfg = Debug|Any CPU
		{A78225C9-74DB-40F0-8524-DFE82536EBC0}.Debug|Any CPU.Build.0 = Debug|Any CPU
		{A78225C9-74DB-40F0-8524-DFE82536EBC0}.Release|Any CPU.ActiveCfg = Release|Any CPU
		{A78225C9-74DB-40F0-8524-DFE82536EBC0}.Release|Any CPU.Build.0 = Release|Any CPU
		{6E5B731B-8A4E-4334-B615-903BCAEFAE4F}.Debug|Any CPU.ActiveCfg = Debug|Any CPU
		{6E5B731B-8A4E-4334-B615-903BCAEFAE4F}.Debug|Any CPU.Build.0 = Debug|Any CPU
		{6E5B731B-8A4E-4334-B615-903BCAEFAE4F}.Release|Any CPU.ActiveCfg = Release|Any CPU
		{6E5B731B-8A4E-4334-B615-903BCAEFAE4F}.Release|Any CPU.Build.0 = Release|Any CPU
		{C0D9D2F8-18CF-4406-BEA7-87CF182C6766}.Debug|Any CPU.ActiveCfg = Debug|Any CPU
		{C0D9D2F8-18CF-4406-BEA7-87CF182C6766}.Debug|Any CPU.Build.0 = Debug|Any CPU
		{C0D9D2F8-18CF-4406-BEA7-87CF182C6766}.Release|Any CPU.ActiveCfg = Release|Any CPU
		{C0D9D2F8-18CF-4406-BEA7-87CF182C6766}.Release|Any CPU.Build.0 = Release|Any CPU
		{49EC639B-AE56-4C1D-AE75-271445858D45}.Debug|Any CPU.ActiveCfg = Debug|Any CPU
		{49EC639B-AE56-4C1D-AE75-271445858D45}.Debug|Any CPU.Build.0 = Debug|Any CPU
		{49EC639B-AE56-4C1D-AE75-271445858D45}.Release|Any CPU.ActiveCfg = Release|Any CPU
		{49EC639B-AE56-4C1D-AE75-271445858D45}.Release|Any CPU.Build.0 = Release|Any CPU
		{E3E39619-A952-45DF-A223-D6FE56D45B2A}.Debug|Any CPU.ActiveCfg = Debug|Any CPU
		{E3E39619-A952-45DF-A223-D6FE56D45B2A}.Debug|Any CPU.Build.0 = Debug|Any CPU
		{E3E39619-A952-45DF-A223-D6FE56D45B2A}.Release|Any CPU.ActiveCfg = Release|Any CPU
		{E3E39619-A952-45DF-A223-D6FE56D45B2A}.Release|Any CPU.Build.0 = Release|Any CPU
		{8D9B1573-28D9-4060-909A-4CF31FEA7E91}.Debug|Any CPU.ActiveCfg = Debug|Any CPU
		{8D9B1573-28D9-4060-909A-4CF31FEA7E91}.Debug|Any CPU.Build.0 = Debug|Any CPU
		{8D9B1573-28D9-4060-909A-4CF31FEA7E91}.Release|Any CPU.ActiveCfg = Release|Any CPU
		{8D9B1573-28D9-4060-909A-4CF31FEA7E91}.Release|Any CPU.Build.0 = Release|Any CPU
		{E3AD5349-03A3-4B02-949E-BB1341C65F09}.Debug|Any CPU.ActiveCfg = Debug|Any CPU
		{E3AD5349-03A3-4B02-949E-BB1341C65F09}.Debug|Any CPU.Build.0 = Debug|Any CPU
		{E3AD5349-03A3-4B02-949E-BB1341C65F09}.Release|Any CPU.ActiveCfg = Release|Any CPU
		{E3AD5349-03A3-4B02-949E-BB1341C65F09}.Release|Any CPU.Build.0 = Release|Any CPU
		{00BA2561-ED28-4791-A466-6850EFA4E72F}.Debug|Any CPU.ActiveCfg = Debug|Any CPU
		{00BA2561-ED28-4791-A466-6850EFA4E72F}.Debug|Any CPU.Build.0 = Debug|Any CPU
		{00BA2561-ED28-4791-A466-6850EFA4E72F}.Release|Any CPU.ActiveCfg = Release|Any CPU
		{00BA2561-ED28-4791-A466-6850EFA4E72F}.Release|Any CPU.Build.0 = Release|Any CPU
		{1B7CE906-81D5-4498-88CE-BC6EF415B960}.Debug|Any CPU.ActiveCfg = Debug|Any CPU
		{1B7CE906-81D5-4498-88CE-BC6EF415B960}.Debug|Any CPU.Build.0 = Debug|Any CPU
		{1B7CE906-81D5-4498-88CE-BC6EF415B960}.Release|Any CPU.ActiveCfg = Release|Any CPU
		{1B7CE906-81D5-4498-88CE-BC6EF415B960}.Release|Any CPU.Build.0 = Release|Any CPU
		{0B053C2A-8E49-406C-8AC1-5F874A883EEC}.Debug|Any CPU.ActiveCfg = Debug|Any CPU
		{0B053C2A-8E49-406C-8AC1-5F874A883EEC}.Debug|Any CPU.Build.0 = Debug|Any CPU
		{0B053C2A-8E49-406C-8AC1-5F874A883EEC}.Release|Any CPU.ActiveCfg = Release|Any CPU
		{0B053C2A-8E49-406C-8AC1-5F874A883EEC}.Release|Any CPU.Build.0 = Release|Any CPU
		{4224A2FD-9D9E-4AB1-ADAE-E28A5A679611}.Debug|Any CPU.ActiveCfg = Debug|Any CPU
		{4224A2FD-9D9E-4AB1-ADAE-E28A5A679611}.Debug|Any CPU.Build.0 = Debug|Any CPU
		{4224A2FD-9D9E-4AB1-ADAE-E28A5A679611}.Release|Any CPU.ActiveCfg = Release|Any CPU
		{4224A2FD-9D9E-4AB1-ADAE-E28A5A679611}.Release|Any CPU.Build.0 = Release|Any CPU
		{8BCB267E-A069-462A-8A71-FC9D3FC4FD74}.Debug|Any CPU.ActiveCfg = Debug|Any CPU
		{8BCB267E-A069-462A-8A71-FC9D3FC4FD74}.Debug|Any CPU.Build.0 = Debug|Any CPU
		{8BCB267E-A069-462A-8A71-FC9D3FC4FD74}.Release|Any CPU.ActiveCfg = Release|Any CPU
		{8BCB267E-A069-462A-8A71-FC9D3FC4FD74}.Release|Any CPU.Build.0 = Release|Any CPU
		{2C022958-A830-43C0-9556-A20EB41F0FDA}.Debug|Any CPU.ActiveCfg = Debug|Any CPU
		{2C022958-A830-43C0-9556-A20EB41F0FDA}.Debug|Any CPU.Build.0 = Debug|Any CPU
		{2C022958-A830-43C0-9556-A20EB41F0FDA}.Release|Any CPU.ActiveCfg = Release|Any CPU
		{2C022958-A830-43C0-9556-A20EB41F0FDA}.Release|Any CPU.Build.0 = Release|Any CPU
		{A42FF11E-5341-4B31-8B46-4E47C8D24125}.Debug|Any CPU.ActiveCfg = Debug|Any CPU
		{A42FF11E-5341-4B31-8B46-4E47C8D24125}.Debug|Any CPU.Build.0 = Debug|Any CPU
		{A42FF11E-5341-4B31-8B46-4E47C8D24125}.Release|Any CPU.ActiveCfg = Release|Any CPU
		{A42FF11E-5341-4B31-8B46-4E47C8D24125}.Release|Any CPU.Build.0 = Release|Any CPU
		{380895EE-F82A-4B23-B156-5C626EF93B99}.Debug|Any CPU.ActiveCfg = Debug|Any CPU
		{380895EE-F82A-4B23-B156-5C626EF93B99}.Debug|Any CPU.Build.0 = Debug|Any CPU
		{380895EE-F82A-4B23-B156-5C626EF93B99}.Release|Any CPU.ActiveCfg = Release|Any CPU
		{380895EE-F82A-4B23-B156-5C626EF93B99}.Release|Any CPU.Build.0 = Release|Any CPU
		{E4702A75-4B9F-45DF-9B54-4BC665091047}.Debug|Any CPU.ActiveCfg = Debug|Any CPU
		{E4702A75-4B9F-45DF-9B54-4BC665091047}.Debug|Any CPU.Build.0 = Debug|Any CPU
		{E4702A75-4B9F-45DF-9B54-4BC665091047}.Release|Any CPU.ActiveCfg = Release|Any CPU
		{E4702A75-4B9F-45DF-9B54-4BC665091047}.Release|Any CPU.Build.0 = Release|Any CPU
		{50D4EEAA-7A39-4EEC-A2E4-746A3C90AB36}.Debug|Any CPU.ActiveCfg = Debug|Any CPU
		{50D4EEAA-7A39-4EEC-A2E4-746A3C90AB36}.Debug|Any CPU.Build.0 = Debug|Any CPU
		{50D4EEAA-7A39-4EEC-A2E4-746A3C90AB36}.Release|Any CPU.ActiveCfg = Release|Any CPU
		{50D4EEAA-7A39-4EEC-A2E4-746A3C90AB36}.Release|Any CPU.Build.0 = Release|Any CPU
	EndGlobalSection
	GlobalSection(SolutionProperties) = preSolution
		HideSolutionNode = FALSE
	EndGlobalSection
	GlobalSection(ExtensibilityGlobals) = postSolution
		SolutionGuid = {EE9EE6B5-1533-41F9-A05B-B2815C87DE24}
	EndGlobalSection
	GlobalSection(NestedProjects) = preSolution
		{93189C5D-D957-4C41-9DC6-2212C27826B4} = {977ACD3F-2087-4DA7-974A-3CDF8FDEEA9F}
		{6673F2D3-ABC7-42AB-B13C-01A78BD978E6} = {977ACD3F-2087-4DA7-974A-3CDF8FDEEA9F}
		{973E0193-FEDC-42E5-BDC7-85C92FBAE251} = {46D72DB5-1531-4D3A-A21E-9DD136ACF617}
		{51BA222B-B4A5-42A6-A942-5FA15A8BC4D7} = {977ACD3F-2087-4DA7-974A-3CDF8FDEEA9F}
		{2E6E1ADD-0A93-4B98-A49F-5F52E10CBA8B} = {51BA222B-B4A5-42A6-A942-5FA15A8BC4D7}
		{6161562C-0D32-4C00-93A5-AC0484F5357D} = {51BA222B-B4A5-42A6-A942-5FA15A8BC4D7}
		{40058DCA-80FB-4E81-9C73-C3D153FAB1D0} = {51BA222B-B4A5-42A6-A942-5FA15A8BC4D7}
		{9A1FCB6F-579E-42BD-9194-8CC99861A3AA} = {51BA222B-B4A5-42A6-A942-5FA15A8BC4D7}
		{4BB14E22-CCD9-46DD-8059-B50DFA4496DC} = {977ACD3F-2087-4DA7-974A-3CDF8FDEEA9F}
		{A78225C9-74DB-40F0-8524-DFE82536EBC0} = {4BB14E22-CCD9-46DD-8059-B50DFA4496DC}
		{8D9B1573-28D9-4060-909A-4CF31FEA7E91} = {4BB14E22-CCD9-46DD-8059-B50DFA4496DC}
		{C0D9D2F8-18CF-4406-BEA7-87CF182C6766} = {4BB14E22-CCD9-46DD-8059-B50DFA4496DC}
		{E3E39619-A952-45DF-A223-D6FE56D45B2A} = {4BB14E22-CCD9-46DD-8059-B50DFA4496DC}
		{49EC639B-AE56-4C1D-AE75-271445858D45} = {4BB14E22-CCD9-46DD-8059-B50DFA4496DC}
		{316A846E-8E6B-4356-A9B2-F4832B59346D} = {977ACD3F-2087-4DA7-974A-3CDF8FDEEA9F}
		{E3AD5349-03A3-4B02-949E-BB1341C65F09} = {316A846E-8E6B-4356-A9B2-F4832B59346D}
		{00BA2561-ED28-4791-A466-6850EFA4E72F} = {316A846E-8E6B-4356-A9B2-F4832B59346D}
		{1B7CE906-81D5-4498-88CE-BC6EF415B960} = {316A846E-8E6B-4356-A9B2-F4832B59346D}
		{0B053C2A-8E49-406C-8AC1-5F874A883EEC} = {316A846E-8E6B-4356-A9B2-F4832B59346D}
		{4224A2FD-9D9E-4AB1-ADAE-E28A5A679611} = {316A846E-8E6B-4356-A9B2-F4832B59346D}
		{46E0AFC7-B933-4F5D-AC51-34A682517F81} = {977ACD3F-2087-4DA7-974A-3CDF8FDEEA9F}
		{6E5B731B-8A4E-4334-B615-903BCAEFAE4F} = {46E0AFC7-B933-4F5D-AC51-34A682517F81}
		{8BCB267E-A069-462A-8A71-FC9D3FC4FD74} = {46E0AFC7-B933-4F5D-AC51-34A682517F81}
		{2C022958-A830-43C0-9556-A20EB41F0FDA} = {46E0AFC7-B933-4F5D-AC51-34A682517F81}
		{A42FF11E-5341-4B31-8B46-4E47C8D24125} = {51BA222B-B4A5-42A6-A942-5FA15A8BC4D7}
		{380895EE-F82A-4B23-B156-5C626EF93B99} = {51BA222B-B4A5-42A6-A942-5FA15A8BC4D7}
		{E4702A75-4B9F-45DF-9B54-4BC665091047} = {316A846E-8E6B-4356-A9B2-F4832B59346D}
		{50D4EEAA-7A39-4EEC-A2E4-746A3C90AB36} = {4BB14E22-CCD9-46DD-8059-B50DFA4496DC}
	EndGlobalSection
EndGlobal
