
Microsoft Visual Studio Solution File, Format Version 12.00
# Visual Studio Version 17
VisualStudioVersion = 17.0.31903.59
MinimumVisualStudioVersion = 10.0.40219.1
Project("{9A19103F-16F7-4668-BE54-9A1E7A4F7556}") = "PetHelper.API", "src\PetHelper.API\PetHelper.API.csproj", "{93189C5D-D957-4C41-9DC6-2212C27826B4}"
EndProject
Project("{9A19103F-16F7-4668-BE54-9A1E7A4F7556}") = "PetHelper.Infastructure", "src\PetHelper.Infastructure\PetHelper.Infastructure.csproj", "{D36DA2F2-CB37-4FB7-8C39-7F90E954EDD6}"
EndProject
Project("{9A19103F-16F7-4668-BE54-9A1E7A4F7556}") = "PetHelper.Domain", "src\PetHelper.Domain\PetHelper.Domain.csproj", "{5B1D6D8C-DABA-481E-9C7E-7E46C33F2245}"
EndProject
Project("{9A19103F-16F7-4668-BE54-9A1E7A4F7556}") = "PetHelper.Application", "src\PetHelper.Application\PetHelper.Application.csproj", "{BFFA9C2C-B3B5-485F-AF2F-7EB50606C931}"
EndProject
Project("{E53339B2-1760-4266-BCC7-CA923CBCF16C}") = "docker-compose", "docker-compose.dcproj", "{6673F2D3-ABC7-42AB-B13C-01A78BD978E6}"
EndProject
Project("{FAE04EC0-301F-11D3-BF4B-00C04F79EFBC}") = "PetHelper.UnitTests", "PetHelper.UnitTests\PetHelper.UnitTests.csproj", "{87F3B1AB-495B-4E69-BEA5-2FCB9F379889}"
EndProject
Global
	GlobalSection(SolutionConfigurationPlatforms) = preSolution
		Debug|Any CPU = Debug|Any CPU
		Release|Any CPU = Release|Any CPU
	EndGlobalSection
	GlobalSection(ProjectConfigurationPlatforms) = postSolution
		{93189C5D-D957-4C41-9DC6-2212C27826B4}.Debug|Any CPU.ActiveCfg = Debug|Any CPU
		{93189C5D-D957-4C41-9DC6-2212C27826B4}.Debug|Any CPU.Build.0 = Debug|Any CPU
		{93189C5D-D957-4C41-9DC6-2212C27826B4}.Release|Any CPU.ActiveCfg = Release|Any CPU
		{93189C5D-D957-4C41-9DC6-2212C27826B4}.Release|Any CPU.Build.0 = Release|Any CPU
		{D36DA2F2-CB37-4FB7-8C39-7F90E954EDD6}.Debug|Any CPU.ActiveCfg = Debug|Any CPU
		{D36DA2F2-CB37-4FB7-8C39-7F90E954EDD6}.Debug|Any CPU.Build.0 = Debug|Any CPU
		{D36DA2F2-CB37-4FB7-8C39-7F90E954EDD6}.Release|Any CPU.ActiveCfg = Release|Any CPU
		{D36DA2F2-CB37-4FB7-8C39-7F90E954EDD6}.Release|Any CPU.Build.0 = Release|Any CPU
		{5B1D6D8C-DABA-481E-9C7E-7E46C33F2245}.Debug|Any CPU.ActiveCfg = Debug|Any CPU
		{5B1D6D8C-DABA-481E-9C7E-7E46C33F2245}.Debug|Any CPU.Build.0 = Debug|Any CPU
		{5B1D6D8C-DABA-481E-9C7E-7E46C33F2245}.Release|Any CPU.ActiveCfg = Release|Any CPU
		{5B1D6D8C-DABA-481E-9C7E-7E46C33F2245}.Release|Any CPU.Build.0 = Release|Any CPU
		{BFFA9C2C-B3B5-485F-AF2F-7EB50606C931}.Debug|Any CPU.ActiveCfg = Debug|Any CPU
		{BFFA9C2C-B3B5-485F-AF2F-7EB50606C931}.Debug|Any CPU.Build.0 = Debug|Any CPU
		{BFFA9C2C-B3B5-485F-AF2F-7EB50606C931}.Release|Any CPU.ActiveCfg = Release|Any CPU
		{BFFA9C2C-B3B5-485F-AF2F-7EB50606C931}.Release|Any CPU.Build.0 = Release|Any CPU
		{6673F2D3-ABC7-42AB-B13C-01A78BD978E6}.Debug|Any CPU.ActiveCfg = Debug|Any CPU
		{6673F2D3-ABC7-42AB-B13C-01A78BD978E6}.Debug|Any CPU.Build.0 = Debug|Any CPU
		{6673F2D3-ABC7-42AB-B13C-01A78BD978E6}.Release|Any CPU.ActiveCfg = Release|Any CPU
		{6673F2D3-ABC7-42AB-B13C-01A78BD978E6}.Release|Any CPU.Build.0 = Release|Any CPU
		{87F3B1AB-495B-4E69-BEA5-2FCB9F379889}.Debug|Any CPU.ActiveCfg = Debug|Any CPU
		{87F3B1AB-495B-4E69-BEA5-2FCB9F379889}.Debug|Any CPU.Build.0 = Debug|Any CPU
		{87F3B1AB-495B-4E69-BEA5-2FCB9F379889}.Release|Any CPU.ActiveCfg = Release|Any CPU
		{87F3B1AB-495B-4E69-BEA5-2FCB9F379889}.Release|Any CPU.Build.0 = Release|Any CPU
	EndGlobalSection
	GlobalSection(SolutionProperties) = preSolution
		HideSolutionNode = FALSE
	EndGlobalSection
	GlobalSection(ExtensibilityGlobals) = postSolution
		SolutionGuid = {EE9EE6B5-1533-41F9-A05B-B2815C87DE24}
	EndGlobalSection
EndGlobal
